
Microsoft Visual Studio Solution File, Format Version 11.00
# Visual Studio 2010
Project("{FAE04EC0-301F-11D3-BF4B-00C04F79EFBC}") = "GA", "GA\GA.csproj", "{6644E238-57EB-4CF4-AFE7-F663F6164F4D}"
EndProject
Global
	GlobalSection(SolutionConfigurationPlatforms) = preSolution
		Debug|x86 = Debug|x86
		Release|x86 = Release|x86
	EndGlobalSection
	GlobalSection(ProjectConfigurationPlatforms) = postSolution
		{6644E238-57EB-4CF4-AFE7-F663F6164F4D}.Debug|x86.ActiveCfg = Debug|x86
		{6644E238-57EB-4CF4-AFE7-F663F6164F4D}.Debug|x86.Build.0 = Debug|x86
		{6644E238-57EB-4CF4-AFE7-F663F6164F4D}.Release|x86.ActiveCfg = Release|x86
		{6644E238-57EB-4CF4-AFE7-F663F6164F4D}.Release|x86.Build.0 = Release|x86
	EndGlobalSection
	GlobalSection(SolutionProperties) = preSolution
		HideSolutionNode = FALSE
	EndGlobalSection
EndGlobal
